<?xml version="1.0" encoding="utf-8"?>
<Project ToolsVersion="4.0" xmlns="http://schemas.microsoft.com/developer/msbuild/2003">
  <ItemGroup>
    <Filter Include="Sources">
      <UniqueIdentifier>{b2516ff9-0a0e-4925-b0cd-de6cb2d324ff}</UniqueIdentifier>
    </Filter>
    <Filter Include="Sources\ECS">
      <UniqueIdentifier>{30574180-5b8a-4cce-a751-38fed18a9a0a}</UniqueIdentifier>
    </Filter>
    <Filter Include="Sources\Tests">
      <UniqueIdentifier>{077ea048-7e3d-40aa-8ab4-89dc6500c63b}</UniqueIdentifier>
    </Filter>
  </ItemGroup>
  <ItemGroup>
    <ClCompile Include="main.cpp">
      <Filter>Sources\Tests</Filter>
    </ClCompile>
  </ItemGroup>
  <ItemGroup>
    <ClInclude Include="ECS.h">
      <Filter>Sources\ECS</Filter>
    </ClInclude>
    <ClInclude Include="robin_hood.h">
      <Filter>Sources</Filter>
    </ClInclude>
  </ItemGroup>
</Project>